
Microsoft Visual Studio Solution File, Format Version 12.00
# Visual Studio 15
VisualStudioVersion = 15.0.27130.2026
MinimumVisualStudioVersion = 10.0.40219.1
Project("{FAE04EC0-301F-11D3-BF4B-00C04F79EFBC}") = "IPv4Address", "IPAddressTextBox\IPv4Address.csproj", "{AA3CBE3C-134C-4F08-8960-319E2C6AA7A2}"
EndProject
Project("{FAE04EC0-301F-11D3-BF4B-00C04F79EFBC}") = "TestApp_WindowsForm", "TestApp_WindowsForm\TestApp_WindowsForm.csproj", "{6D8368DA-5BA5-463C-B8AE-A91E422A6E20}"
EndProject
Global
	GlobalSection(SolutionConfigurationPlatforms) = preSolution
		Debug|Any CPU = Debug|Any CPU
		Debug|x64 = Debug|x64
		Debug|x86 = Debug|x86
		Release x64|Any CPU = Release x64|Any CPU
		Release x64|x64 = Release x64|x64
		Release x64|x86 = Release x64|x86
		Release x86|Any CPU = Release x86|Any CPU
		Release x86|x64 = Release x86|x64
		Release x86|x86 = Release x86|x86
		Release|Any CPU = Release|Any CPU
		Release|x64 = Release|x64
		Release|x86 = Release|x86
	EndGlobalSection
	GlobalSection(ProjectConfigurationPlatforms) = postSolution
		{AA3CBE3C-134C-4F08-8960-319E2C6AA7A2}.Debug|Any CPU.ActiveCfg = Debug|Any CPU
		{AA3CBE3C-134C-4F08-8960-319E2C6AA7A2}.Debug|Any CPU.Build.0 = Debug|Any CPU
		{AA3CBE3C-134C-4F08-8960-319E2C6AA7A2}.Debug|x64.ActiveCfg = Debug|x64
		{AA3CBE3C-134C-4F08-8960-319E2C6AA7A2}.Debug|x64.Build.0 = Debug|x64
		{AA3CBE3C-134C-4F08-8960-319E2C6AA7A2}.Debug|x86.ActiveCfg = Debug|x86
		{AA3CBE3C-134C-4F08-8960-319E2C6AA7A2}.Debug|x86.Build.0 = Debug|x86
		{AA3CBE3C-134C-4F08-8960-319E2C6AA7A2}.Release x64|Any CPU.ActiveCfg = Release x64|Any CPU
		{AA3CBE3C-134C-4F08-8960-319E2C6AA7A2}.Release x64|Any CPU.Build.0 = Release x64|Any CPU
		{AA3CBE3C-134C-4F08-8960-319E2C6AA7A2}.Release x64|x64.ActiveCfg = Release x64|x64
		{AA3CBE3C-134C-4F08-8960-319E2C6AA7A2}.Release x64|x64.Build.0 = Release x64|x64
		{AA3CBE3C-134C-4F08-8960-319E2C6AA7A2}.Release x64|x86.ActiveCfg = Release x64|x64
		{AA3CBE3C-134C-4F08-8960-319E2C6AA7A2}.Release x64|x86.Build.0 = Release x64|x64
		{AA3CBE3C-134C-4F08-8960-319E2C6AA7A2}.Release x86|Any CPU.ActiveCfg = Release|Any CPU
		{AA3CBE3C-134C-4F08-8960-319E2C6AA7A2}.Release x86|Any CPU.Build.0 = Release|Any CPU
		{AA3CBE3C-134C-4F08-8960-319E2C6AA7A2}.Release x86|x64.ActiveCfg = Release|x86
		{AA3CBE3C-134C-4F08-8960-319E2C6AA7A2}.Release x86|x64.Build.0 = Release|x86
		{AA3CBE3C-134C-4F08-8960-319E2C6AA7A2}.Release x86|x86.ActiveCfg = Release|x86
		{AA3CBE3C-134C-4F08-8960-319E2C6AA7A2}.Release x86|x86.Build.0 = Release|x86
		{AA3CBE3C-134C-4F08-8960-319E2C6AA7A2}.Release|Any CPU.ActiveCfg = Release|Any CPU
		{AA3CBE3C-134C-4F08-8960-319E2C6AA7A2}.Release|Any CPU.Build.0 = Release|Any CPU
		{AA3CBE3C-134C-4F08-8960-319E2C6AA7A2}.Release|x64.ActiveCfg = Release|x64
		{AA3CBE3C-134C-4F08-8960-319E2C6AA7A2}.Release|x64.Build.0 = Release|x64
		{AA3CBE3C-134C-4F08-8960-319E2C6AA7A2}.Release|x86.ActiveCfg = Release|x86
		{AA3CBE3C-134C-4F08-8960-319E2C6AA7A2}.Release|x86.Build.0 = Release|x86
		{6D8368DA-5BA5-463C-B8AE-A91E422A6E20}.Debug|Any CPU.ActiveCfg = Debug|Any CPU
		{6D8368DA-5BA5-463C-B8AE-A91E422A6E20}.Debug|Any CPU.Build.0 = Debug|Any CPU
		{6D8368DA-5BA5-463C-B8AE-A91E422A6E20}.Debug|x64.ActiveCfg = Debug|Any CPU
		{6D8368DA-5BA5-463C-B8AE-A91E422A6E20}.Debug|x64.Build.0 = Debug|Any CPU
		{6D8368DA-5BA5-463C-B8AE-A91E422A6E20}.Debug|x86.ActiveCfg = Debug|Any CPU
		{6D8368DA-5BA5-463C-B8AE-A91E422A6E20}.Debug|x86.Build.0 = Debug|Any CPU
		{6D8368DA-5BA5-463C-B8AE-A91E422A6E20}.Release x64|Any CPU.ActiveCfg = Release|Any CPU
		{6D8368DA-5BA5-463C-B8AE-A91E422A6E20}.Release x64|Any CPU.Build.0 = Release|Any CPU
		{6D8368DA-5BA5-463C-B8AE-A91E422A6E20}.Release x64|x64.ActiveCfg = Release|Any CPU
		{6D8368DA-5BA5-463C-B8AE-A91E422A6E20}.Release x64|x64.Build.0 = Release|Any CPU
		{6D8368DA-5BA5-463C-B8AE-A91E422A6E20}.Release x64|x86.ActiveCfg = Release|Any CPU
		{6D8368DA-5BA5-463C-B8AE-A91E422A6E20}.Release x64|x86.Build.0 = Release|Any CPU
		{6D8368DA-5BA5-463C-B8AE-A91E422A6E20}.Release x86|Any CPU.ActiveCfg = Release|Any CPU
		{6D8368DA-5BA5-463C-B8AE-A91E422A6E20}.Release x86|Any CPU.Build.0 = Release|Any CPU
		{6D8368DA-5BA5-463C-B8AE-A91E422A6E20}.Release x86|x64.ActiveCfg = Release|Any CPU
		{6D8368DA-5BA5-463C-B8AE-A91E422A6E20}.Release x86|x64.Build.0 = Release|Any CPU
		{6D8368DA-5BA5-463C-B8AE-A91E422A6E20}.Release x86|x86.ActiveCfg = Release|Any CPU
		{6D8368DA-5BA5-463C-B8AE-A91E422A6E20}.Release x86|x86.Build.0 = Release|Any CPU
		{6D8368DA-5BA5-463C-B8AE-A91E422A6E20}.Release|Any CPU.ActiveCfg = Release|Any CPU
		{6D8368DA-5BA5-463C-B8AE-A91E422A6E20}.Release|Any CPU.Build.0 = Release|Any CPU
		{6D8368DA-5BA5-463C-B8AE-A91E422A6E20}.Release|x64.ActiveCfg = Release|Any CPU
		{6D8368DA-5BA5-463C-B8AE-A91E422A6E20}.Release|x64.Build.0 = Release|Any CPU
		{6D8368DA-5BA5-463C-B8AE-A91E422A6E20}.Release|x86.ActiveCfg = Release|Any CPU
		{6D8368DA-5BA5-463C-B8AE-A91E422A6E20}.Release|x86.Build.0 = Release|Any CPU
	EndGlobalSection
	GlobalSection(SolutionProperties) = preSolution
		HideSolutionNode = FALSE
	EndGlobalSection
	GlobalSection(ExtensibilityGlobals) = postSolution
		SolutionGuid = {106CF58D-B238-488C-8E97-C3DE8FE453AA}
	EndGlobalSection
EndGlobal
